
Microsoft Visual Studio Solution File, Format Version 12.00
# Visual Studio Version 16
VisualStudioVersion = 16.0.29306.81
MinimumVisualStudioVersion = 10.0.40219.1
Project("{FAE04EC0-301F-11D3-BF4B-00C04F79EFBC}") = "Easy.X509Certificate", "Easy.X509Certificate.csproj", "{83386E78-8DEC-440E-8B66-23E8671FF6F1}"
EndProject
Project("{FAE04EC0-301F-11D3-BF4B-00C04F79EFBC}") = "Easy.X509", "Easy.X509\Easy.X509.csproj", "{4EA849EA-9957-434A-A369-4256EF669289}"
EndProject
Project("{FAE04EC0-301F-11D3-BF4B-00C04F79EFBC}") = "Easy.X509.Tests", "Easy.X509.Tests\Easy.X509.Tests.csproj", "{8DFE142D-E31F-4FA8-ABF3-3FFD95BD8768}"
EndProject
Global
	GlobalSection(SolutionConfigurationPlatforms) = preSolution
		Debug|Any CPU = Debug|Any CPU
		Release|Any CPU = Release|Any CPU
	EndGlobalSection
	GlobalSection(ProjectConfigurationPlatforms) = postSolution
		{83386E78-8DEC-440E-8B66-23E8671FF6F1}.Debug|Any CPU.ActiveCfg = Debug|Any CPU
		{83386E78-8DEC-440E-8B66-23E8671FF6F1}.Debug|Any CPU.Build.0 = Debug|Any CPU
		{83386E78-8DEC-440E-8B66-23E8671FF6F1}.Release|Any CPU.ActiveCfg = Release|Any CPU
		{83386E78-8DEC-440E-8B66-23E8671FF6F1}.Release|Any CPU.Build.0 = Release|Any CPU
		{4EA849EA-9957-434A-A369-4256EF669289}.Debug|Any CPU.ActiveCfg = Debug|Any CPU
		{4EA849EA-9957-434A-A369-4256EF669289}.Debug|Any CPU.Build.0 = Debug|Any CPU
		{4EA849EA-9957-434A-A369-4256EF669289}.Release|Any CPU.ActiveCfg = Release|Any CPU
		{4EA849EA-9957-434A-A369-4256EF669289}.Release|Any CPU.Build.0 = Release|Any CPU
		{8DFE142D-E31F-4FA8-ABF3-3FFD95BD8768}.Debug|Any CPU.ActiveCfg = Debug|Any CPU
		{8DFE142D-E31F-4FA8-ABF3-3FFD95BD8768}.Debug|Any CPU.Build.0 = Debug|Any CPU
		{8DFE142D-E31F-4FA8-ABF3-3FFD95BD8768}.Release|Any CPU.ActiveCfg = Release|Any CPU
		{8DFE142D-E31F-4FA8-ABF3-3FFD95BD8768}.Release|Any CPU.Build.0 = Release|Any CPU
	EndGlobalSection
	GlobalSection(SolutionProperties) = preSolution
		HideSolutionNode = FALSE
	EndGlobalSection
	GlobalSection(ExtensibilityGlobals) = postSolution
		SolutionGuid = {EAFFD213-462A-4F16-A15B-FFE6A31C95CD}
	EndGlobalSection
EndGlobal
